{
  "name": "host2github",
  "version": "1.0.0",
  "lockfileVersion": 2,
  "requires": true,
  "packages": {
    "": {
      "name": "host2github",
      "version": "1.0.0",
      "license": "MIT",
      "dependencies": {
        "@types/node": "^14.14.36",
        "axios": "^0.21.1"
      }
    },
    "node_modules/@types/node": {
      "version": "14.14.36",
      "resolved": "http://172.18.66.66:31468/@types/node/download/@types/node-14.14.36.tgz",
      "integrity": "sha1-VjeQXbsVwwozo8ZbnvfCDjyF660=",
      "license": "MIT"
    },
    "node_modules/axios": {
      "version": "0.21.1",
      "resolved": "http://172.18.66.66:31468/axios/download/axios-0.21.1.tgz",
      "integrity": "sha1-IlY0gZYvTWvemnbVFu8OXTwJsrg=",
      "license": "MIT",
      "dependencies": {
        "follow-redirects": "^1.10.0"
      }
    },
    "node_modules/follow-redirects": {
      "version": "1.13.3",
      "resolved": "http://172.18.66.66:31468/follow-redirects/download/follow-redirects-1.13.3.tgz",
      "integrity": "sha1-5VmK1QF0wbxOhyMB6CrCzZf5Amc=",
      "funding": [
        {
          "type": "individual",
          "url": "https://github.com/sponsors/RubenVerborgh"
        }
      ],
      "license": "MIT",
      "engines": {
        "node": ">=4.0"
      },
      "peerDependenciesMeta": {
        "debug": {
          "optional": true
        }
      }
    }
  },
  "dependencies": {
    "@types/node": {
      "version": "14.14.36",
      "resolved": "http://172.18.66.66:31468/@types/node/download/@types/node-14.14.36.tgz",
      "integrity": "sha1-VjeQXbsVwwozo8ZbnvfCDjyF660="
    },
    "axios": {
      "version": "0.21.1",
      "resolved": "http://172.18.66.66:31468/axios/download/axios-0.21.1.tgz",
      "integrity": "sha1-IlY0gZYvTWvemnbVFu8OXTwJsrg=",
      "requires": {
        "follow-redirects": "^1.10.0"
      }
    },
    "follow-redirects": {
      "version": "1.13.3",
      "resolved": "http://172.18.66.66:31468/follow-redirects/download/follow-redirects-1.13.3.tgz",
      "integrity": "sha1-5VmK1QF0wbxOhyMB6CrCzZf5Amc="
    }
  }
}
